
Microsoft Visual Studio Solution File, Format Version 12.00
# Visual Studio 15
VisualStudioVersion = 15.0.28307.1525
MinimumVisualStudioVersion = 10.0.40219.1
Project("{8BC9CEB8-8B4A-11D0-8D11-00A0C91BC942}") = "shutdowwn", "shutdowwn\shutdowwn.vcxproj", "{1F1428DF-915E-4C0F-948C-1DD105F39417}"
EndProject
Global
	GlobalSection(SolutionConfigurationPlatforms) = preSolution
		Debug|x64 = Debug|x64
		Debug|x86 = Debug|x86
		Release|x64 = Release|x64
		Release|x86 = Release|x86
	EndGlobalSection
	GlobalSection(ProjectConfigurationPlatforms) = postSolution
		{1F1428DF-915E-4C0F-948C-1DD105F39417}.Debug|x64.ActiveCfg = Debug|x64
		{1F1428DF-915E-4C0F-948C-1DD105F39417}.Debug|x64.Build.0 = Debug|x64
		{1F1428DF-915E-4C0F-948C-1DD105F39417}.Debug|x86.ActiveCfg = Debug|Win32
		{1F1428DF-915E-4C0F-948C-1DD105F39417}.Debug|x86.Build.0 = Debug|Win32
		{1F1428DF-915E-4C0F-948C-1DD105F39417}.Release|x64.ActiveCfg = Release|x64
		{1F1428DF-915E-4C0F-948C-1DD105F39417}.Release|x64.Build.0 = Release|x64
		{1F1428DF-915E-4C0F-948C-1DD105F39417}.Release|x86.ActiveCfg = Release|Win32
		{1F1428DF-915E-4C0F-948C-1DD105F39417}.Release|x86.Build.0 = Release|Win32
	EndGlobalSection
	GlobalSection(SolutionProperties) = preSolution
		HideSolutionNode = FALSE
	EndGlobalSection
	GlobalSection(ExtensibilityGlobals) = postSolution
		SolutionGuid = {12C99F44-F138-4E7C-AF6B-B040D16DEEB6}
	EndGlobalSection
EndGlobal
